# THIS IS AN AUTOGENERATED FILE. DO NOT EDIT THIS FILE DIRECTLY.
# yarn lockfile v1


"@babel/runtime@^7.1.2":
  version "7.14.6"
  resolved "http://r.npm.sankuai.com/@babel/runtime/download/@babel/runtime-7.14.6.tgz#535203bc0892efc7dec60bdc27b2ecf6e409062d"
  integrity sha1-U1IDvAiS78fexgvcJ7Ls9uQJBi0=
  dependencies:
    regenerator-runtime "^0.13.4"

"@bodymovin-parser/compiler-core@^0.0.5":
  version "0.0.5"
  resolved "http://r.npm.sankuai.com/@bodymovin-parser/compiler-core/download/@bodymovin-parser/compiler-core-0.0.5.tgz#e12182a65ddcb507993c7fc3238b4ea4a15e02a4"
  integrity sha1-4SGCpl3ctQeZPH/DI4tOpKFeAqQ=

"@bodymovin-parser/compiler-web@^0.0.5-beta.3":
  version "0.0.5-beta.3"
  resolved "http://r.npm.sankuai.com/@bodymovin-parser/compiler-web/download/@bodymovin-parser/compiler-web-0.0.5-beta.3.tgz#c2e979fbcb3a0ba99cd6c1a9638a4ceea68d4c84"
  integrity sha1-wul5+8s6C6mc1sGpY4pM7qaNTIQ=
  dependencies:
    "@bodymovin-parser/compiler-core" "^0.0.5"

"@stencil/core@2.4.0":
  version "2.4.0"
  resolved "http://r.npm.sankuai.com/@stencil/core/download/@stencil/core-2.4.0.tgz#17b45629c8986e35dcbce3f7dab7d64beede83f2"
  integrity sha1-F7RWKciYbjXcvOP32rfWS+7eg/I=

"@tarojs/api@3.2.14":
  version "3.2.14"
  resolved "http://r.npm.sankuai.com/@tarojs/api/download/@tarojs/api-3.2.14.tgz#e01bb5dc3810f8d4f9f491470757ba891dd7fa5f"
  integrity sha1-4Bu13DgQ+NT59JFHB1e6iR3X+l8=
  dependencies:
    "@tarojs/runtime" "3.2.14"

"@tarojs/components@3.2.14":
  version "3.2.14"
  resolved "http://r.npm.sankuai.com/@tarojs/components/download/@tarojs/components-3.2.14.tgz#8ef6315b36817e671aa238304debfde9aee516e3"
  integrity sha1-jvYxWzaBfmcaojgwTev96a7lFuM=
  dependencies:
    "@stencil/core" "2.4.0"
    "@tarojs/taro" "3.2.14"
    better-scroll "^1.14.1"
    classnames "^2.2.5"
    intersection-observer "^0.7.0"
    omit.js "^1.0.0"
    resolve-pathname "^3.0.0"
    swiper "4.4.2"
    weui "^1.1.2"

"@tarojs/router@3.2.14":
  version "3.2.14"
  resolved "http://r.npm.sankuai.com/@tarojs/router/download/@tarojs/router-3.2.14.tgz#5e6f62518eeb5f45ab5921206fc58ef64deae690"
  integrity sha1-Xm9iUY7rX0WrWSEgb8WO9k3q5pA=
  dependencies:
    "@tarojs/runtime" "3.2.14"
    history "^4.10.1"
    query-string "^6.13.8"
    universal-router "^8.3.0"
    url-parse "^1.4.7"

"@tarojs/runtime@3.2.14":
  version "3.2.14"
  resolved "http://r.npm.sankuai.com/@tarojs/runtime/download/@tarojs/runtime-3.2.14.tgz#85038a4820f1196d8f567555be2c32ff351adde9"
  integrity sha1-hQOKSCDxGW2PVnVVviwy/zUa3ek=
  dependencies:
    "@tarojs/shared" "3.2.14"
    lodash-es "4.17.15"

"@tarojs/shared@3.2.14":
  version "3.2.14"
  resolved "http://r.npm.sankuai.com/@tarojs/shared/download/@tarojs/shared-3.2.14.tgz#0a5195a3f5859dab43f773ec63dd80e25e555004"
  integrity sha1-ClGVo/WFnatD93PsY92A4l5VUAQ=

"@tarojs/taro-h5@3.2.14":
  version "3.2.14"
  resolved "http://r.npm.sankuai.com/@tarojs/taro-h5/download/@tarojs/taro-h5-3.2.14.tgz#774dee0013fff85556b7dc40d5281419a3f12c9b"
  integrity sha1-d03uABP/+FVWt9xA1SgUGaPxLJs=
  dependencies:
    "@tarojs/api" "3.2.14"
    "@tarojs/router" "3.2.14"
    "@tarojs/runtime" "3.2.14"
    base64-js "^1.3.0"
    jsonp-retry "^1.0.3"
    mobile-detect "^1.4.2"
    raf "^3.4.1"
    whatwg-fetch "^3.4.0"

"@tarojs/taro@3.2.14":
  version "3.2.14"
  resolved "http://r.npm.sankuai.com/@tarojs/taro/download/@tarojs/taro-3.2.14.tgz#1d3e0ba31559ae3cea6942e7de4aa0a15aedaac4"
  integrity sha1-HT4LoxVZrjzqaULn3kqgoVrtqsQ=
  dependencies:
    "@tarojs/api" "3.2.14"
    "@tarojs/runtime" "3.2.14"
    "@tarojs/taro-h5" "3.2.14"

babel-runtime@^6.0.0, babel-runtime@^6.23.0:
  version "6.26.0"
  resolved "http://r.npm.sankuai.com/babel-runtime/download/babel-runtime-6.26.0.tgz#965c7058668e82b55d7bfe04ff2337bc8b5647fe"
  integrity sha1-llxwWGaOgrVde/4E/yM3vItWR/4=
  dependencies:
    core-js "^2.4.0"
    regenerator-runtime "^0.11.0"

base64-js@^1.3.0:
  version "1.5.1"
  resolved "http://r.npm.sankuai.com/base64-js/download/base64-js-1.5.1.tgz#1b1b440160a5bf7ad40b650f095963481903930a"
  integrity sha1-GxtEAWClv3rUC2UPCVljSBkDkwo=

better-scroll@^1.14.1:
  version "1.15.2"
  resolved "http://r.npm.sankuai.com/better-scroll/download/better-scroll-1.15.2.tgz#65ffc6058b8b4ff337b8dfad4bcb334d7699ceb6"
  integrity sha1-Zf/GBYuLT/M3uN+tS8szTXaZzrY=
  dependencies:
    babel-runtime "^6.0.0"

classnames@^2.2.5:
  version "2.3.1"
  resolved "http://r.npm.sankuai.com/classnames/download/classnames-2.3.1.tgz#dfcfa3891e306ec1dad105d0e88f4417b8535e8e"
  integrity sha1-38+jiR4wbsHa0QXQ6I9EF7hTXo4=

core-js@^2.4.0:
  version "2.6.12"
  resolved "http://r.npm.sankuai.com/core-js/download/core-js-2.6.12.tgz#d9333dfa7b065e347cc5682219d6f690859cc2ec"
  integrity sha1-2TM9+nsGXjR8xWgiGdb2kIWcwuw=

decode-uri-component@^0.2.0:
  version "0.2.0"
  resolved "http://r.npm.sankuai.com/decode-uri-component/download/decode-uri-component-0.2.0.tgz#eb3913333458775cb84cd1a1fae062106bb87545"
  integrity sha1-6zkTMzRYd1y4TNGh+uBiEGu4dUU=

dom7@^2.1.2:
  version "2.1.5"
  resolved "http://r.npm.sankuai.com/dom7/download/dom7-2.1.5.tgz#a79411017800b31d8400070cdaebbfc92c1f6377"
  integrity sha1-p5QRAXgAsx2EAAcM2uu/ySwfY3c=
  dependencies:
    ssr-window "^2.0.0"

filter-obj@^1.1.0:
  version "1.1.0"
  resolved "http://r.npm.sankuai.com/filter-obj/download/filter-obj-1.1.0.tgz#9b311112bc6c6127a16e016c6c5d7f19e0805c5b"
  integrity sha1-mzERErxsYSehbgFsbF1/GeCAXFs=

history@^4.10.1:
  version "4.10.1"
  resolved "http://r.npm.sankuai.com/history/download/history-4.10.1.tgz#33371a65e3a83b267434e2b3f3b1b4c58aad4cf3"
  integrity sha1-MzcaZeOoOyZ0NOKz87G0xYqtTPM=
  dependencies:
    "@babel/runtime" "^7.1.2"
    loose-envify "^1.2.0"
    resolve-pathname "^3.0.0"
    tiny-invariant "^1.0.2"
    tiny-warning "^1.0.0"
    value-equal "^1.0.1"

intersection-observer@^0.7.0:
  version "0.7.0"
  resolved "http://r.npm.sankuai.com/intersection-observer/download/intersection-observer-0.7.0.tgz#ee16bee978db53516ead2f0a8154b09b400bbdc9"
  integrity sha1-7ha+6XjbU1FurS8KgVSwm0ALvck=

"js-tokens@^3.0.0 || ^4.0.0":
  version "4.0.0"
  resolved "http://r.npm.sankuai.com/js-tokens/download/js-tokens-4.0.0.tgz#19203fb59991df98e3a287050d4647cdeaf32499"
  integrity sha1-GSA/tZmR35jjoocFDUZHzerzJJk=

jsonp-retry@^1.0.3:
  version "1.0.3"
  resolved "http://r.npm.sankuai.com/jsonp-retry/download/jsonp-retry-1.0.3.tgz#9e6b18b02ec767a621dd44b4e99439a8a43a6419"
  integrity sha1-nmsYsC7HZ6Yh3US06ZQ5qKQ6ZBk=
  dependencies:
    object-assign "^4.1.1"

lodash-es@4.17.15:
  version "4.17.15"
  resolved "http://r.npm.sankuai.com/lodash-es/download/lodash-es-4.17.15.tgz#21bd96839354412f23d7a10340e5eac6ee455d78"
  integrity sha1-Ib2Wg5NUQS8j16EDQOXqxu5FXXg=

loose-envify@^1.1.0, loose-envify@^1.2.0:
  version "1.4.0"
  resolved "http://r.npm.sankuai.com/loose-envify/download/loose-envify-1.4.0.tgz#71ee51fa7be4caec1a63839f7e682d8132d30caf"
  integrity sha1-ce5R+nvkyuwaY4OffmgtgTLTDK8=
  dependencies:
    js-tokens "^3.0.0 || ^4.0.0"

mobile-detect@^1.4.2:
  version "1.4.5"
  resolved "http://r.npm.sankuai.com/mobile-detect/download/mobile-detect-1.4.5.tgz#da393c3c413ca1a9bcdd9ced653c38281c0fb6ad"
  integrity sha1-2jk8PEE8oam83ZztZTw4KBwPtq0=

object-assign@^4.1.1:
  version "4.1.1"
  resolved "http://r.npm.sankuai.com/object-assign/download/object-assign-4.1.1.tgz#2109adc7965887cfc05cbbd442cac8bfbb360863"
  integrity sha1-IQmtx5ZYh8/AXLvUQsrIv7s2CGM=

omit.js@^1.0.0:
  version "1.0.2"
  resolved "http://r.npm.sankuai.com/omit.js/download/omit.js-1.0.2.tgz#91a14f0eba84066dfa015bf30e474c47f30bc858"
  integrity sha1-kaFPDrqEBm36AVvzDkdMR/MLyFg=
  dependencies:
    babel-runtime "^6.23.0"

path-to-regexp@^3.1.0:
  version "3.2.0"
  resolved "http://r.npm.sankuai.com/path-to-regexp/download/path-to-regexp-3.2.0.tgz#fa7877ecbc495c601907562222453c43cc204a5f"
  integrity sha1-+nh37LxJXGAZB1YiIkU8Q8wgSl8=

performance-now@^2.1.0:
  version "2.1.0"
  resolved "http://r.npm.sankuai.com/performance-now/download/performance-now-2.1.0.tgz#6309f4e0e5fa913ec1c69307ae364b4b377c9e7b"
  integrity sha1-Ywn04OX6kT7BxpMHrjZLSzd8nns=

query-string@^6.13.8:
  version "6.14.1"
  resolved "http://r.npm.sankuai.com/query-string/download/query-string-6.14.1.tgz#7ac2dca46da7f309449ba0f86b1fd28255b0c86a"
  integrity sha1-esLcpG2n8wlEm6D4ax/SglWwyGo=
  dependencies:
    decode-uri-component "^0.2.0"
    filter-obj "^1.1.0"
    split-on-first "^1.0.0"
    strict-uri-encode "^2.0.0"

querystringify@^2.1.1:
  version "2.2.0"
  resolved "http://r.npm.sankuai.com/querystringify/download/querystringify-2.2.0.tgz#3345941b4153cb9d082d8eee4cda2016a9aef7f6"
  integrity sha1-M0WUG0FTy50ILY7uTNogFqmu9/Y=

raf@^3.4.1:
  version "3.4.1"
  resolved "http://r.npm.sankuai.com/raf/download/raf-3.4.1.tgz#0742e99a4a6552f445d73e3ee0328af0ff1ede39"
  integrity sha1-B0LpmkplUvRF1z4+4DKK8P8e3jk=
  dependencies:
    performance-now "^2.1.0"

react@^17.0.2:
  version "17.0.2"
  resolved "http://r.npm.sankuai.com/react/download/react-17.0.2.tgz#d0b5cc516d29eb3eee383f75b62864cfb6800037"
  integrity sha1-0LXMUW0p6z7uOD91tihkz7aAADc=
  dependencies:
    loose-envify "^1.1.0"
    object-assign "^4.1.1"

regenerator-runtime@^0.11.0:
  version "0.11.1"
  resolved "http://r.npm.sankuai.com/regenerator-runtime/download/regenerator-runtime-0.11.1.tgz#be05ad7f9bf7d22e056f9726cee5017fbf19e2e9"
  integrity sha1-vgWtf5v30i4Fb5cmzuUBf78Z4uk=

regenerator-runtime@^0.13.4:
  version "0.13.7"
  resolved "http://r.npm.sankuai.com/regenerator-runtime/download/regenerator-runtime-0.13.7.tgz#cac2dacc8a1ea675feaabaeb8ae833898ae46f55"
  integrity sha1-ysLazIoepnX+qrrriugziYrkb1U=

requires-port@^1.0.0:
  version "1.0.0"
  resolved "http://r.npm.sankuai.com/requires-port/download/requires-port-1.0.0.tgz#925d2601d39ac485e091cf0da5c6e694dc3dcaff"
  integrity sha1-kl0mAdOaxIXgkc8NpcbmlNw9yv8=

resolve-pathname@^3.0.0:
  version "3.0.0"
  resolved "http://r.npm.sankuai.com/resolve-pathname/download/resolve-pathname-3.0.0.tgz#99d02224d3cf263689becbb393bc560313025dcd"
  integrity sha1-mdAiJNPPJjaJvsuzk7xWAxMCXc0=

split-on-first@^1.0.0:
  version "1.1.0"
  resolved "http://r.npm.sankuai.com/split-on-first/download/split-on-first-1.1.0.tgz#f610afeee3b12bce1d0c30425e76398b78249a5f"
  integrity sha1-9hCv7uOxK84dDDBCXnY5i3gkml8=

ssr-window@^1.0.1:
  version "1.0.1"
  resolved "http://r.npm.sankuai.com/ssr-window/download/ssr-window-1.0.1.tgz#30752a6a4666e7767f0b7e6aa6fc2fdbd0d9b369"
  integrity sha1-MHUqakZm53Z/C35qpvwv29DZs2k=

ssr-window@^2.0.0:
  version "2.0.0"
  resolved "http://r.npm.sankuai.com/ssr-window/download/ssr-window-2.0.0.tgz#98c301aef99523317f8d69618f0010791096efc4"
  integrity sha1-mMMBrvmVIzF/jWlhjwAQeRCW78Q=

strict-uri-encode@^2.0.0:
  version "2.0.0"
  resolved "http://r.npm.sankuai.com/strict-uri-encode/download/strict-uri-encode-2.0.0.tgz#b9c7330c7042862f6b142dc274bbcc5866ce3546"
  integrity sha1-ucczDHBChi9rFC3CdLvMWGbONUY=

swiper@4.4.2:
  version "4.4.2"
  resolved "http://r.npm.sankuai.com/swiper/download/swiper-4.4.2.tgz#3a35237cbf4870034784e158b4197b65b763d647"
  integrity sha1-OjUjfL9IcANHhOFYtBl7Zbdj1kc=
  dependencies:
    dom7 "^2.1.2"
    ssr-window "^1.0.1"

tiny-invariant@^1.0.2:
  version "1.1.0"
  resolved "http://r.npm.sankuai.com/tiny-invariant/download/tiny-invariant-1.1.0.tgz#634c5f8efdc27714b7f386c35e6760991d230875"
  integrity sha1-Y0xfjv3CdxS384bDXmdgmR0jCHU=

tiny-warning@^1.0.0:
  version "1.0.3"
  resolved "http://r.npm.sankuai.com/tiny-warning/download/tiny-warning-1.0.3.tgz#94a30db453df4c643d0fd566060d60a875d84754"
  integrity sha1-lKMNtFPfTGQ9D9VmBg1gqHXYR1Q=

universal-router@^8.3.0:
  version "8.3.0"
  resolved "http://r.npm.sankuai.com/universal-router/download/universal-router-8.3.0.tgz#533bce135d7b1abf591421c5d2028d54407a34a0"
  integrity sha1-UzvOE117Gr9ZFCHF0gKNVEB6NKA=
  dependencies:
    path-to-regexp "^3.1.0"

url-parse@^1.4.7:
  version "1.5.1"
  resolved "http://r.npm.sankuai.com/url-parse/download/url-parse-1.5.1.tgz#d5fa9890af8a5e1f274a2c98376510f6425f6e3b"
  integrity sha1-1fqYkK+KXh8nSiyYN2UQ9kJfbjs=
  dependencies:
    querystringify "^2.1.1"
    requires-port "^1.0.0"

value-equal@^1.0.1:
  version "1.0.1"
  resolved "http://r.npm.sankuai.com/value-equal/download/value-equal-1.0.1.tgz#1e0b794c734c5c0cade179c437d356d931a34d6c"
  integrity sha1-Hgt5THNMXAyt4XnEN9NW2TGjTWw=

weui@^1.1.2:
  version "1.1.3"
  resolved "http://r.npm.sankuai.com/weui/download/weui-1.1.3.tgz#0f0899bb61bb2ec603b2648367a8139298f81514"
  integrity sha1-DwiZu2G7LsYDsmSDZ6gTkpj4FRQ=

whatwg-fetch@^3.4.0:
  version "3.6.2"
  resolved "http://r.npm.sankuai.com/whatwg-fetch/download/whatwg-fetch-3.6.2.tgz#dced24f37f2624ed0281725d51d0e2e3fe677f8c"
  integrity sha1-3O0k838mJO0CgXJdUdDi4/5nf4w=
